{
  "name": "brainspell_client",
  "version": "0.0.1",
  "lockfileVersion": 1,
  "requires": true,
  "dependencies": {
    "eslint-config-naat": {
      "version": "git+https://github.com/neuroanatomy/eslint-config-naat.git#1ca059a5ca80041ad92ce74387ba9e3c6a296d71",
      "from": "git+https://github.com/neuroanatomy/eslint-config-naat.git",
      "dev": true
    },
    "translucent-viewer": {
      "version": "github:neuroanatomy/translucent-viewer#5d399117648b67b691ec1c9c79ac790699a66c9a",
      "from": "github:neuroanatomy/translucent-viewer"
    }
  }
}
